
Microsoft Visual Studio Solution File, Format Version 12.00
# Visual Studio Version 16
VisualStudioVersion = 16.0.28803.352
MinimumVisualStudioVersion = 15.0.26124.0
Project("{2150E333-8FDC-42A3-9474-1A3956D46DE8}") = "src", "src", "{79C0FE98-F25D-4882-B264-F193B8CF9285}"
EndProject
Project("{9A19103F-16F7-4668-BE54-9A1E7A4F7556}") = "Aws.Sqs.Core", "src\Aws.Sqs.Core\Aws.Sqs.Core.csproj", "{513272E9-5ACE-439A-BC8B-1F7542273C25}"
EndProject
Project("{2150E333-8FDC-42A3-9474-1A3956D46DE8}") = "test", "test", "{C16EEE12-0D88-4997-B591-F01116E96400}"
EndProject
Project("{FAE04EC0-301F-11D3-BF4B-00C04F79EFBC}") = "Aws.Sqs.Client.Tests", "test\Aws.Sqs.Client.Tests\Aws.Sqs.Client.Tests.csproj", "{4FAF8727-F5B8-46E1-AE7D-0071AFBFD62D}"
EndProject
Global
	GlobalSection(SolutionConfigurationPlatforms) = preSolution
		Debug|Any CPU = Debug|Any CPU
		Debug|x64 = Debug|x64
		Debug|x86 = Debug|x86
		Release|Any CPU = Release|Any CPU
		Release|x64 = Release|x64
		Release|x86 = Release|x86
	EndGlobalSection
	GlobalSection(ProjectConfigurationPlatforms) = postSolution
		{513272E9-5ACE-439A-BC8B-1F7542273C25}.Debug|Any CPU.ActiveCfg = Debug|Any CPU
		{513272E9-5ACE-439A-BC8B-1F7542273C25}.Debug|Any CPU.Build.0 = Debug|Any CPU
		{513272E9-5ACE-439A-BC8B-1F7542273C25}.Debug|x64.ActiveCfg = Debug|Any CPU
		{513272E9-5ACE-439A-BC8B-1F7542273C25}.Debug|x64.Build.0 = Debug|Any CPU
		{513272E9-5ACE-439A-BC8B-1F7542273C25}.Debug|x86.ActiveCfg = Debug|Any CPU
		{513272E9-5ACE-439A-BC8B-1F7542273C25}.Debug|x86.Build.0 = Debug|Any CPU
		{513272E9-5ACE-439A-BC8B-1F7542273C25}.Release|Any CPU.ActiveCfg = Release|Any CPU
		{513272E9-5ACE-439A-BC8B-1F7542273C25}.Release|Any CPU.Build.0 = Release|Any CPU
		{513272E9-5ACE-439A-BC8B-1F7542273C25}.Release|x64.ActiveCfg = Release|Any CPU
		{513272E9-5ACE-439A-BC8B-1F7542273C25}.Release|x64.Build.0 = Release|Any CPU
		{513272E9-5ACE-439A-BC8B-1F7542273C25}.Release|x86.ActiveCfg = Release|Any CPU
		{513272E9-5ACE-439A-BC8B-1F7542273C25}.Release|x86.Build.0 = Release|Any CPU
		{4FAF8727-F5B8-46E1-AE7D-0071AFBFD62D}.Debug|Any CPU.ActiveCfg = Debug|Any CPU
		{4FAF8727-F5B8-46E1-AE7D-0071AFBFD62D}.Debug|Any CPU.Build.0 = Debug|Any CPU
		{4FAF8727-F5B8-46E1-AE7D-0071AFBFD62D}.Debug|x64.ActiveCfg = Debug|Any CPU
		{4FAF8727-F5B8-46E1-AE7D-0071AFBFD62D}.Debug|x64.Build.0 = Debug|Any CPU
		{4FAF8727-F5B8-46E1-AE7D-0071AFBFD62D}.Debug|x86.ActiveCfg = Debug|Any CPU
		{4FAF8727-F5B8-46E1-AE7D-0071AFBFD62D}.Debug|x86.Build.0 = Debug|Any CPU
		{4FAF8727-F5B8-46E1-AE7D-0071AFBFD62D}.Release|Any CPU.ActiveCfg = Release|Any CPU
		{4FAF8727-F5B8-46E1-AE7D-0071AFBFD62D}.Release|Any CPU.Build.0 = Release|Any CPU
		{4FAF8727-F5B8-46E1-AE7D-0071AFBFD62D}.Release|x64.ActiveCfg = Release|Any CPU
		{4FAF8727-F5B8-46E1-AE7D-0071AFBFD62D}.Release|x64.Build.0 = Release|Any CPU
		{4FAF8727-F5B8-46E1-AE7D-0071AFBFD62D}.Release|x86.ActiveCfg = Release|Any CPU
		{4FAF8727-F5B8-46E1-AE7D-0071AFBFD62D}.Release|x86.Build.0 = Release|Any CPU
	EndGlobalSection
	GlobalSection(SolutionProperties) = preSolution
		HideSolutionNode = FALSE
	EndGlobalSection
	GlobalSection(NestedProjects) = preSolution
		{513272E9-5ACE-439A-BC8B-1F7542273C25} = {79C0FE98-F25D-4882-B264-F193B8CF9285}
		{4FAF8727-F5B8-46E1-AE7D-0071AFBFD62D} = {C16EEE12-0D88-4997-B591-F01116E96400}
	EndGlobalSection
	GlobalSection(ExtensibilityGlobals) = postSolution
		SolutionGuid = {1BD731A0-A9FB-42DA-A03C-708E871771D8}
	EndGlobalSection
EndGlobal
